
Microsoft Visual Studio Solution File, Format Version 12.00
# Visual Studio Version 18
VisualStudioVersion = 18.0.11012.119
MinimumVisualStudioVersion = 10.0.40219.1
Project("{2150E333-8FDC-42A3-9474-1A3956D46DE8}") = "_Host", "_Host", "{02EA681E-C7D8-13C7-8484-4AC65E1B71E8}"
EndProject
Project("{2150E333-8FDC-42A3-9474-1A3956D46DE8}") = "Vorgaben", "Vorgaben", "{AF107E71-2A12-4E3F-87BB-EAE02E10FD0E}"
	ProjectSection(SolutionItems) = preProject
		Vorgaben\MesswerteSimulation.json = Vorgaben\MesswerteSimulation.json
	EndProjectSection
EndProject
Project("{2150E333-8FDC-42A3-9474-1A3956D46DE8}") = "Solution Items", "Solution Items", "{8EC462FD-D22E-90A8-E5CE-7E832BA40C5D}"
	ProjectSection(SolutionItems) = preProject
		readme.md = readme.md
	EndProjectSection
EndProject
Project("{FAE04EC0-301F-11D3-BF4B-00C04F79EFBC}") = "MeteoMesh5.CentralServer", "MeteoMesh5.CentralServer\MeteoMesh5.CentralServer.csproj", "{880BAC88-E558-7311-A425-256AAB74B766}"
EndProject
Project("{FAE04EC0-301F-11D3-BF4B-00C04F79EFBC}") = "MeteoMesh5.HumidityStation", "MeteoMesh5.HumidityStation\MeteoMesh5.HumidityStation.csproj", "{B283ACC5-D5FA-6CD1-89D7-CD3619BA1F71}"
EndProject
Project("{FAE04EC0-301F-11D3-BF4B-00C04F79EFBC}") = "MeteoMesh5.LidarStation", "MeteoMesh5.LidarStation\MeteoMesh5.LidarStation.csproj", "{8C3E359A-8239-7135-E644-0BF58E500F6A}"
EndProject
Project("{FAE04EC0-301F-11D3-BF4B-00C04F79EFBC}") = "MeteoMesh5.LocalNode", "MeteoMesh5.LocalNode\MeteoMesh5.LocalNode.csproj", "{13753D17-A76B-7D1A-E2D4-4A39265E713B}"
EndProject
Project("{FAE04EC0-301F-11D3-BF4B-00C04F79EFBC}") = "MeteoMesh5.PressureStation", "MeteoMesh5.PressureStation\MeteoMesh5.PressureStation.csproj", "{10B13804-B59C-BB98-C426-42ED98D11089}"
EndProject
Project("{FAE04EC0-301F-11D3-BF4B-00C04F79EFBC}") = "MeteoMesh5.Shared", "MeteoMesh5.Shared\MeteoMesh5.Shared.csproj", "{014520D3-A8C6-934F-FB7F-8A29FA0E7325}"
EndProject
Project("{FAE04EC0-301F-11D3-BF4B-00C04F79EFBC}") = "MeteoMesh5.TemperatureStation", "MeteoMesh5.TemperatureStation\MeteoMesh5.TemperatureStation.csproj", "{7B0CD5AA-A983-C404-0E0A-380021C74B40}"
EndProject
Project("{FAE04EC0-301F-11D3-BF4B-00C04F79EFBC}") = "MeteoMesh5.Host", "MeteoMesh5.Host\MeteoMesh5.Host.csproj", "{F4EC4316-1E6D-46F0-BADD-FB39F71603D5}"
EndProject
Project("{2150E333-8FDC-42A3-9474-1A3956D46DE8}") = "_Stations", "_Stations", "{294C40DB-A9D7-4D00-94A4-4CD5FECECC56}"
EndProject
Project("{2150E333-8FDC-42A3-9474-1A3956D46DE8}") = "_Node", "_Node", "{4CF63DFE-5929-4CA9-8545-2D6C23A642F7}"
EndProject
Project("{2150E333-8FDC-42A3-9474-1A3956D46DE8}") = "_Central", "_Central", "{0634EC50-579E-42E3-AA94-D5BFDEC6253B}"
EndProject
Project("{2150E333-8FDC-42A3-9474-1A3956D46DE8}") = "_Shared", "_Shared", "{2FF1F492-B120-4642-8A2F-69679CF82432}"
EndProject
Project("{2150E333-8FDC-42A3-9474-1A3956D46DE8}") = "_Test", "_Test", "{D0A2AAF7-48F5-4222-A4C0-7008A7DD8C69}"
EndProject
Project("{FAE04EC0-301F-11D3-BF4B-00C04F79EFBC}") = "MeteoMesh5.CentralServer.Tests", "MeteoMesh5.CentralServer.Tests\MeteoMesh5.CentralServer.Tests.csproj", "{F1E8DAF6-2F2A-C6D1-DAC5-E56F5140E267}"
EndProject
Project("{FAE04EC0-301F-11D3-BF4B-00C04F79EFBC}") = "MeteoMesh5.LocalNode.Tests", "MeteoMesh5.LocalNode.Tests\MeteoMesh5.LocalNode.Tests.csproj", "{75672104-EC93-A113-9A9F-3E0EC13220C0}"
EndProject
Project("{FAE04EC0-301F-11D3-BF4B-00C04F79EFBC}") = "MeteoMesh5.MeteringStation.Tests", "MeteoMesh5.MeteringStation.Tests\MeteoMesh5.MeteringStation.Tests.csproj", "{531F4799-9934-E8FC-7452-8EC8F153A81A}"
EndProject
Global
	GlobalSection(SolutionConfigurationPlatforms) = preSolution
		Debug|Any CPU = Debug|Any CPU
		Debug|x64 = Debug|x64
		Debug|x86 = Debug|x86
		Release|Any CPU = Release|Any CPU
		Release|x64 = Release|x64
		Release|x86 = Release|x86
	EndGlobalSection
	GlobalSection(ProjectConfigurationPlatforms) = postSolution
		{880BAC88-E558-7311-A425-256AAB74B766}.Debug|Any CPU.ActiveCfg = Debug|Any CPU
		{880BAC88-E558-7311-A425-256AAB74B766}.Debug|Any CPU.Build.0 = Debug|Any CPU
		{880BAC88-E558-7311-A425-256AAB74B766}.Debug|x64.ActiveCfg = Debug|Any CPU
		{880BAC88-E558-7311-A425-256AAB74B766}.Debug|x64.Build.0 = Debug|Any CPU
		{880BAC88-E558-7311-A425-256AAB74B766}.Debug|x86.ActiveCfg = Debug|Any CPU
		{880BAC88-E558-7311-A425-256AAB74B766}.Debug|x86.Build.0 = Debug|Any CPU
		{880BAC88-E558-7311-A425-256AAB74B766}.Release|Any CPU.ActiveCfg = Release|Any CPU
		{880BAC88-E558-7311-A425-256AAB74B766}.Release|Any CPU.Build.0 = Release|Any CPU
		{880BAC88-E558-7311-A425-256AAB74B766}.Release|x64.ActiveCfg = Release|Any CPU
		{880BAC88-E558-7311-A425-256AAB74B766}.Release|x64.Build.0 = Release|Any CPU
		{880BAC88-E558-7311-A425-256AAB74B766}.Release|x86.ActiveCfg = Release|Any CPU
		{880BAC88-E558-7311-A425-256AAB74B766}.Release|x86.Build.0 = Release|Any CPU
		{B283ACC5-D5FA-6CD1-89D7-CD3619BA1F71}.Debug|Any CPU.ActiveCfg = Debug|Any CPU
		{B283ACC5-D5FA-6CD1-89D7-CD3619BA1F71}.Debug|Any CPU.Build.0 = Debug|Any CPU
		{B283ACC5-D5FA-6CD1-89D7-CD3619BA1F71}.Debug|x64.ActiveCfg = Debug|Any CPU
		{B283ACC5-D5FA-6CD1-89D7-CD3619BA1F71}.Debug|x64.Build.0 = Debug|Any CPU
		{B283ACC5-D5FA-6CD1-89D7-CD3619BA1F71}.Debug|x86.ActiveCfg = Debug|Any CPU
		{B283ACC5-D5FA-6CD1-89D7-CD3619BA1F71}.Debug|x86.Build.0 = Debug|Any CPU
		{B283ACC5-D5FA-6CD1-89D7-CD3619BA1F71}.Release|Any CPU.ActiveCfg = Release|Any CPU
		{B283ACC5-D5FA-6CD1-89D7-CD3619BA1F71}.Release|Any CPU.Build.0 = Release|Any CPU
		{B283ACC5-D5FA-6CD1-89D7-CD3619BA1F71}.Release|x64.ActiveCfg = Release|Any CPU
		{B283ACC5-D5FA-6CD1-89D7-CD3619BA1F71}.Release|x64.Build.0 = Release|Any CPU
		{B283ACC5-D5FA-6CD1-89D7-CD3619BA1F71}.Release|x86.ActiveCfg = Release|Any CPU
		{B283ACC5-D5FA-6CD1-89D7-CD3619BA1F71}.Release|x86.Build.0 = Release|Any CPU
		{8C3E359A-8239-7135-E644-0BF58E500F6A}.Debug|Any CPU.ActiveCfg = Debug|Any CPU
		{8C3E359A-8239-7135-E644-0BF58E500F6A}.Debug|Any CPU.Build.0 = Debug|Any CPU
		{8C3E359A-8239-7135-E644-0BF58E500F6A}.Debug|x64.ActiveCfg = Debug|Any CPU
		{8C3E359A-8239-7135-E644-0BF58E500F6A}.Debug|x64.Build.0 = Debug|Any CPU
		{8C3E359A-8239-7135-E644-0BF58E500F6A}.Debug|x86.ActiveCfg = Debug|Any CPU
		{8C3E359A-8239-7135-E644-0BF58E500F6A}.Debug|x86.Build.0 = Debug|Any CPU
		{8C3E359A-8239-7135-E644-0BF58E500F6A}.Release|Any CPU.ActiveCfg = Release|Any CPU
		{8C3E359A-8239-7135-E644-0BF58E500F6A}.Release|Any CPU.Build.0 = Release|Any CPU
		{8C3E359A-8239-7135-E644-0BF58E500F6A}.Release|x64.ActiveCfg = Release|Any CPU
		{8C3E359A-8239-7135-E644-0BF58E500F6A}.Release|x64.Build.0 = Release|Any CPU
		{8C3E359A-8239-7135-E644-0BF58E500F6A}.Release|x86.ActiveCfg = Release|Any CPU
		{8C3E359A-8239-7135-E644-0BF58E500F6A}.Release|x86.Build.0 = Release|Any CPU
		{13753D17-A76B-7D1A-E2D4-4A39265E713B}.Debug|Any CPU.ActiveCfg = Debug|Any CPU
		{13753D17-A76B-7D1A-E2D4-4A39265E713B}.Debug|Any CPU.Build.0 = Debug|Any CPU
		{13753D17-A76B-7D1A-E2D4-4A39265E713B}.Debug|x64.ActiveCfg = Debug|Any CPU
		{13753D17-A76B-7D1A-E2D4-4A39265E713B}.Debug|x64.Build.0 = Debug|Any CPU
		{13753D17-A76B-7D1A-E2D4-4A39265E713B}.Debug|x86.ActiveCfg = Debug|Any CPU
		{13753D17-A76B-7D1A-E2D4-4A39265E713B}.Debug|x86.Build.0 = Debug|Any CPU
		{13753D17-A76B-7D1A-E2D4-4A39265E713B}.Release|Any CPU.ActiveCfg = Release|Any CPU
		{13753D17-A76B-7D1A-E2D4-4A39265E713B}.Release|Any CPU.Build.0 = Release|Any CPU
		{13753D17-A76B-7D1A-E2D4-4A39265E713B}.Release|x64.ActiveCfg = Release|Any CPU
		{13753D17-A76B-7D1A-E2D4-4A39265E713B}.Release|x64.Build.0 = Release|Any CPU
		{13753D17-A76B-7D1A-E2D4-4A39265E713B}.Release|x86.ActiveCfg = Release|Any CPU
		{13753D17-A76B-7D1A-E2D4-4A39265E713B}.Release|x86.Build.0 = Release|Any CPU
		{10B13804-B59C-BB98-C426-42ED98D11089}.Debug|Any CPU.ActiveCfg = Debug|Any CPU
		{10B13804-B59C-BB98-C426-42ED98D11089}.Debug|Any CPU.Build.0 = Debug|Any CPU
		{10B13804-B59C-BB98-C426-42ED98D11089}.Debug|x64.ActiveCfg = Debug|Any CPU
		{10B13804-B59C-BB98-C426-42ED98D11089}.Debug|x64.Build.0 = Debug|Any CPU
		{10B13804-B59C-BB98-C426-42ED98D11089}.Debug|x86.ActiveCfg = Debug|Any CPU
		{10B13804-B59C-BB98-C426-42ED98D11089}.Debug|x86.Build.0 = Debug|Any CPU
		{10B13804-B59C-BB98-C426-42ED98D11089}.Release|Any CPU.ActiveCfg = Release|Any CPU
		{10B13804-B59C-BB98-C426-42ED98D11089}.Release|Any CPU.Build.0 = Release|Any CPU
		{10B13804-B59C-BB98-C426-42ED98D11089}.Release|x64.ActiveCfg = Release|Any CPU
		{10B13804-B59C-BB98-C426-42ED98D11089}.Release|x64.Build.0 = Release|Any CPU
		{10B13804-B59C-BB98-C426-42ED98D11089}.Release|x86.ActiveCfg = Release|Any CPU
		{10B13804-B59C-BB98-C426-42ED98D11089}.Release|x86.Build.0 = Release|Any CPU
		{014520D3-A8C6-934F-FB7F-8A29FA0E7325}.Debug|Any CPU.ActiveCfg = Debug|Any CPU
		{014520D3-A8C6-934F-FB7F-8A29FA0E7325}.Debug|Any CPU.Build.0 = Debug|Any CPU
		{014520D3-A8C6-934F-FB7F-8A29FA0E7325}.Debug|x64.ActiveCfg = Debug|Any CPU
		{014520D3-A8C6-934F-FB7F-8A29FA0E7325}.Debug|x64.Build.0 = Debug|Any CPU
		{014520D3-A8C6-934F-FB7F-8A29FA0E7325}.Debug|x86.ActiveCfg = Debug|Any CPU
		{014520D3-A8C6-934F-FB7F-8A29FA0E7325}.Debug|x86.Build.0 = Debug|Any CPU
		{014520D3-A8C6-934F-FB7F-8A29FA0E7325}.Release|Any CPU.ActiveCfg = Release|Any CPU
		{014520D3-A8C6-934F-FB7F-8A29FA0E7325}.Release|Any CPU.Build.0 = Release|Any CPU
		{014520D3-A8C6-934F-FB7F-8A29FA0E7325}.Release|x64.ActiveCfg = Release|Any CPU
		{014520D3-A8C6-934F-FB7F-8A29FA0E7325}.Release|x64.Build.0 = Release|Any CPU
		{014520D3-A8C6-934F-FB7F-8A29FA0E7325}.Release|x86.ActiveCfg = Release|Any CPU
		{014520D3-A8C6-934F-FB7F-8A29FA0E7325}.Release|x86.Build.0 = Release|Any CPU
		{7B0CD5AA-A983-C404-0E0A-380021C74B40}.Debug|Any CPU.ActiveCfg = Debug|Any CPU
		{7B0CD5AA-A983-C404-0E0A-380021C74B40}.Debug|Any CPU.Build.0 = Debug|Any CPU
		{7B0CD5AA-A983-C404-0E0A-380021C74B40}.Debug|x64.ActiveCfg = Debug|Any CPU
		{7B0CD5AA-A983-C404-0E0A-380021C74B40}.Debug|x64.Build.0 = Debug|Any CPU
		{7B0CD5AA-A983-C404-0E0A-380021C74B40}.Debug|x86.ActiveCfg = Debug|Any CPU
		{7B0CD5AA-A983-C404-0E0A-380021C74B40}.Debug|x86.Build.0 = Debug|Any CPU
		{7B0CD5AA-A983-C404-0E0A-380021C74B40}.Release|Any CPU.ActiveCfg = Release|Any CPU
		{7B0CD5AA-A983-C404-0E0A-380021C74B40}.Release|Any CPU.Build.0 = Release|Any CPU
		{7B0CD5AA-A983-C404-0E0A-380021C74B40}.Release|x64.ActiveCfg = Release|Any CPU
		{7B0CD5AA-A983-C404-0E0A-380021C74B40}.Release|x64.Build.0 = Release|Any CPU
		{7B0CD5AA-A983-C404-0E0A-380021C74B40}.Release|x86.ActiveCfg = Release|Any CPU
		{7B0CD5AA-A983-C404-0E0A-380021C74B40}.Release|x86.Build.0 = Release|Any CPU
		{F4EC4316-1E6D-46F0-BADD-FB39F71603D5}.Debug|Any CPU.ActiveCfg = Debug|Any CPU
		{F4EC4316-1E6D-46F0-BADD-FB39F71603D5}.Debug|Any CPU.Build.0 = Debug|Any CPU
		{F4EC4316-1E6D-46F0-BADD-FB39F71603D5}.Debug|x64.ActiveCfg = Debug|Any CPU
		{F4EC4316-1E6D-46F0-BADD-FB39F71603D5}.Debug|x64.Build.0 = Debug|Any CPU
		{F4EC4316-1E6D-46F0-BADD-FB39F71603D5}.Debug|x86.ActiveCfg = Debug|Any CPU
		{F4EC4316-1E6D-46F0-BADD-FB39F71603D5}.Debug|x86.Build.0 = Debug|Any CPU
		{F4EC4316-1E6D-46F0-BADD-FB39F71603D5}.Release|Any CPU.ActiveCfg = Release|Any CPU
		{F4EC4316-1E6D-46F0-BADD-FB39F71603D5}.Release|Any CPU.Build.0 = Release|Any CPU
		{F4EC4316-1E6D-46F0-BADD-FB39F71603D5}.Release|x64.ActiveCfg = Release|Any CPU
		{F4EC4316-1E6D-46F0-BADD-FB39F71603D5}.Release|x64.Build.0 = Release|Any CPU
		{F4EC4316-1E6D-46F0-BADD-FB39F71603D5}.Release|x86.ActiveCfg = Release|Any CPU
		{F4EC4316-1E6D-46F0-BADD-FB39F71603D5}.Release|x86.Build.0 = Release|Any CPU
		{F1E8DAF6-2F2A-C6D1-DAC5-E56F5140E267}.Debug|Any CPU.ActiveCfg = Debug|Any CPU
		{F1E8DAF6-2F2A-C6D1-DAC5-E56F5140E267}.Debug|Any CPU.Build.0 = Debug|Any CPU
		{F1E8DAF6-2F2A-C6D1-DAC5-E56F5140E267}.Debug|x64.ActiveCfg = Debug|Any CPU
		{F1E8DAF6-2F2A-C6D1-DAC5-E56F5140E267}.Debug|x64.Build.0 = Debug|Any CPU
		{F1E8DAF6-2F2A-C6D1-DAC5-E56F5140E267}.Debug|x86.ActiveCfg = Debug|Any CPU
		{F1E8DAF6-2F2A-C6D1-DAC5-E56F5140E267}.Debug|x86.Build.0 = Debug|Any CPU
		{F1E8DAF6-2F2A-C6D1-DAC5-E56F5140E267}.Release|Any CPU.ActiveCfg = Release|Any CPU
		{F1E8DAF6-2F2A-C6D1-DAC5-E56F5140E267}.Release|Any CPU.Build.0 = Release|Any CPU
		{F1E8DAF6-2F2A-C6D1-DAC5-E56F5140E267}.Release|x64.ActiveCfg = Release|Any CPU
		{F1E8DAF6-2F2A-C6D1-DAC5-E56F5140E267}.Release|x64.Build.0 = Release|Any CPU
		{F1E8DAF6-2F2A-C6D1-DAC5-E56F5140E267}.Release|x86.ActiveCfg = Release|Any CPU
		{F1E8DAF6-2F2A-C6D1-DAC5-E56F5140E267}.Release|x86.Build.0 = Release|Any CPU
		{75672104-EC93-A113-9A9F-3E0EC13220C0}.Debug|Any CPU.ActiveCfg = Debug|Any CPU
		{75672104-EC93-A113-9A9F-3E0EC13220C0}.Debug|Any CPU.Build.0 = Debug|Any CPU
		{75672104-EC93-A113-9A9F-3E0EC13220C0}.Debug|x64.ActiveCfg = Debug|Any CPU
		{75672104-EC93-A113-9A9F-3E0EC13220C0}.Debug|x64.Build.0 = Debug|Any CPU
		{75672104-EC93-A113-9A9F-3E0EC13220C0}.Debug|x86.ActiveCfg = Debug|Any CPU
		{75672104-EC93-A113-9A9F-3E0EC13220C0}.Debug|x86.Build.0 = Debug|Any CPU
		{75672104-EC93-A113-9A9F-3E0EC13220C0}.Release|Any CPU.ActiveCfg = Release|Any CPU
		{75672104-EC93-A113-9A9F-3E0EC13220C0}.Release|Any CPU.Build.0 = Release|Any CPU
		{75672104-EC93-A113-9A9F-3E0EC13220C0}.Release|x64.ActiveCfg = Release|Any CPU
		{75672104-EC93-A113-9A9F-3E0EC13220C0}.Release|x64.Build.0 = Release|Any CPU
		{75672104-EC93-A113-9A9F-3E0EC13220C0}.Release|x86.ActiveCfg = Release|Any CPU
		{75672104-EC93-A113-9A9F-3E0EC13220C0}.Release|x86.Build.0 = Release|Any CPU
		{531F4799-9934-E8FC-7452-8EC8F153A81A}.Debug|Any CPU.ActiveCfg = Debug|Any CPU
		{531F4799-9934-E8FC-7452-8EC8F153A81A}.Debug|Any CPU.Build.0 = Debug|Any CPU
		{531F4799-9934-E8FC-7452-8EC8F153A81A}.Debug|x64.ActiveCfg = Debug|Any CPU
		{531F4799-9934-E8FC-7452-8EC8F153A81A}.Debug|x64.Build.0 = Debug|Any CPU
		{531F4799-9934-E8FC-7452-8EC8F153A81A}.Debug|x86.ActiveCfg = Debug|Any CPU
		{531F4799-9934-E8FC-7452-8EC8F153A81A}.Debug|x86.Build.0 = Debug|Any CPU
		{531F4799-9934-E8FC-7452-8EC8F153A81A}.Release|Any CPU.ActiveCfg = Release|Any CPU
		{531F4799-9934-E8FC-7452-8EC8F153A81A}.Release|Any CPU.Build.0 = Release|Any CPU
		{531F4799-9934-E8FC-7452-8EC8F153A81A}.Release|x64.ActiveCfg = Release|Any CPU
		{531F4799-9934-E8FC-7452-8EC8F153A81A}.Release|x64.Build.0 = Release|Any CPU
		{531F4799-9934-E8FC-7452-8EC8F153A81A}.Release|x86.ActiveCfg = Release|Any CPU
		{531F4799-9934-E8FC-7452-8EC8F153A81A}.Release|x86.Build.0 = Release|Any CPU
	EndGlobalSection
	GlobalSection(SolutionProperties) = preSolution
		HideSolutionNode = FALSE
	EndGlobalSection
	GlobalSection(NestedProjects) = preSolution
		{880BAC88-E558-7311-A425-256AAB74B766} = {0634EC50-579E-42E3-AA94-D5BFDEC6253B}
		{B283ACC5-D5FA-6CD1-89D7-CD3619BA1F71} = {294C40DB-A9D7-4D00-94A4-4CD5FECECC56}
		{8C3E359A-8239-7135-E644-0BF58E500F6A} = {294C40DB-A9D7-4D00-94A4-4CD5FECECC56}
		{13753D17-A76B-7D1A-E2D4-4A39265E713B} = {4CF63DFE-5929-4CA9-8545-2D6C23A642F7}
		{10B13804-B59C-BB98-C426-42ED98D11089} = {294C40DB-A9D7-4D00-94A4-4CD5FECECC56}
		{014520D3-A8C6-934F-FB7F-8A29FA0E7325} = {2FF1F492-B120-4642-8A2F-69679CF82432}
		{7B0CD5AA-A983-C404-0E0A-380021C74B40} = {294C40DB-A9D7-4D00-94A4-4CD5FECECC56}
		{F4EC4316-1E6D-46F0-BADD-FB39F71603D5} = {02EA681E-C7D8-13C7-8484-4AC65E1B71E8}
		{F1E8DAF6-2F2A-C6D1-DAC5-E56F5140E267} = {D0A2AAF7-48F5-4222-A4C0-7008A7DD8C69}
		{75672104-EC93-A113-9A9F-3E0EC13220C0} = {D0A2AAF7-48F5-4222-A4C0-7008A7DD8C69}
		{531F4799-9934-E8FC-7452-8EC8F153A81A} = {D0A2AAF7-48F5-4222-A4C0-7008A7DD8C69}
	EndGlobalSection
	GlobalSection(ExtensibilityGlobals) = postSolution
		SolutionGuid = {EB067453-95D3-443B-AE28-A427EEB5A044}
	EndGlobalSection
EndGlobal
